# Pinned llama.cpp release, consumed by MODULE.bazel's llama-server http_archive
# shas and the CI model-cache keys (.github/actions/bazel-setup).
#
# We pin a known tag and verify a per-platform SHA256 instead of pulling
# `releases/latest` unverified — a release could be re-tagged or a mirror
# tampered with. To bump: run `scripts/update-llama-lock.sh [TAG]` (defaults to
# the latest release) and commit the result.
#
# Shell-sourceable: KEY=VALUE, no spaces. Platform keys use underscores because
# `ubuntu-x64` isn't a valid shell variable name.
LLAMA_TAG=b9637
SHA256_ubuntu_x64=a50ee14f021a9d8e92e30f622f7e3be1318ee1125bb9a9ba8d2025388df48743
SHA256_ubuntu_arm64=211d9e9ee738698beb7ca271be82661ae2b5da3fbb489cf7d9e4e6ed601be106
SHA256_macos_arm64=72a93f3e68c31de3e438d462669aad1fcdb423b995e9c41033cc7d27a9a3ac69
SHA256_macos_x64=71743f8db0958e7c266cceb7add7b16aa418a964667e471094aa6ae65b9c8298
