# Pinned build-system bootstrap — the only thing a clean checkout needs.
#
# The committed ./bazel wrapper downloads + checksum-verifies bazelisk (below),
# then bazelisk fetches Bazel (BAZEL_VERSION, mirrored in .bazelversion) and the
# wrapper hands it the matching BAZEL_SHA256 via BAZELISK_VERIFY_SHA256 — so the
# whole chain (launcher -> bazelisk -> Bazel) is hash-pinned end to end. Mirrors
# scripts/llama-server.lock.
#
# Bump with tools/update-bazel-lock.sh (refreshes .bazelversion + every sha here).
BAZELISK_VERSION=v1.29.0
SHA256_darwin_arm64=cee851f726789227d5561004e9904a52be45c3efb56f8b38b6993d6adbaa0409
SHA256_darwin_amd64=16c3d7aa15323a9fb69f56c7ec5733ed18bedb786680d0ba13bb12a3c8083007
SHA256_linux_amd64=5a408715e932c0250d28bd84555f12edbf70117de42f9181691c736eacc4a992
SHA256_linux_arm64=e20e8b0f4f240091b7a55bf17b9398bd4f40ee70ae0208dff95dd4c445fb4010

# Bazel itself. BAZEL_VERSION must match .bazelversion (the wrapper checks, and
# only pins the sha when they agree). bazelisk downloads the binary; the wrapper
# verifies it via BAZELISK_VERIFY_SHA256 (shas from releases.bazel.build).
BAZEL_VERSION=8.7.0
BAZEL_SHA256_darwin_arm64=575f20fb23955e02f73519befd180df635b4ed0960c60f0e70fcc8d74014a713
BAZEL_SHA256_darwin_amd64=76f3eb05782098e9f9ddd8247ec969b085195a3ae2978c81721a2235052ccf26
BAZEL_SHA256_linux_amd64=d7606e679b78067c811096fb3d6cf135225b528835ca396e3a4dddf957859544
BAZEL_SHA256_linux_arm64=bfe9558bd8a2ecfe4841ec46c0dbccb4b469fe22d81f2f859de0de222b3e7ce3
